// !$*UTF8*$!
{
	archiveVersion = 1;
	classes = {
	};
	objectVersion = 50;
	objects = {

/* Begin PBXBuildFile section */
		453A4126215EE651004512CB /* AppDelegate.swift in Sources */ = {isa = PBXBuildFile; fileRef = 453A4125215EE651004512CB /* AppDelegate.swift */; };
		453A4128215EE651004512CB /* ViewController.swift in Sources */ = {isa = PBXBuildFile; fileRef = 453A4127215EE651004512CB /* ViewController.swift */; };
		453A412B215EE651004512CB /* Main.storyboard in Resources */ = {isa = PBXBuildFile; fileRef = 453A4129215EE651004512CB /* Main.storyboard */; };
		453A412D215EE657004512CB /* Assets.xcassets in Resources */ = {isa = PBXBuildFile; fileRef = 453A412C215EE657004512CB /* Assets.xcassets */; };
		453A4130215EE657004512CB /* LaunchScreen.storyboard in Resources */ = {isa = PBXBuildFile; fileRef = 453A412E215EE657004512CB /* LaunchScreen.storyboard */; };
		453A413B215EE657004512CB /* flixerTests.swift in Sources */ = {isa = PBXBuildFile; fileRef = 453A413A215EE657004512CB /* flixerTests.swift */; };
		453A4146215EE657004512CB /* flixerUITests.swift in Sources */ = {isa = PBXBuildFile; fileRef = 453A4145215EE657004512CB /* flixerUITests.swift */; };
/* End PBXBuildFile section */

/* Begin PBXContainerItemProxy section */
		453A4137215EE657004512CB /* PBXContainerItemProxy */ = {
			isa = PBXContainerItemProxy;
			containerPortal = 453A411A215EE651004512CB /* Project object */;
			proxyType = 1;
			remoteGlobalIDString = 453A4121215EE651004512CB;
			remoteInfo = flixer;
		};
		453A4142215EE657004512CB /* PBXContainerItemProxy */ = {
			isa = PBXContainerItemProxy;
			containerPortal = 453A411A215EE651004512CB /* Project object */;
			proxyType = 1;
			remoteGlobalIDString = 453A4121215EE651004512CB;
			remoteInfo = flixer;
		};
/* End PBXContainerItemProxy section */

/* Begin PBXFileReference section */
		453A4122215EE651004512CB /* flixer.app */ = {isa = PBXFileReference; explicitFileType = wrapper.application; includeInIndex = 0; path = flixer.app; sourceTree = BUILT_PRODUCTS_DIR; };
		453A4125215EE651004512CB /* AppDelegate.swift */ = {isa = PBXFileReference; lastKnownFileType = sourcecode.swift; path = AppDelegate.swift; sourceTree = "<group>"; };
		453A4127215EE651004512CB /* ViewController.swift */ = {isa = PBXFileReference; lastKnownFileType = sourcecode.swift; path = ViewController.swift; sourceTree = "<group>"; };
		453A412A215EE651004512CB /* Base */ = {isa = PBXFileReference; lastKnownFileType = file.storyboard; name = Base; path = Base.lproj/Main.storyboard; sourceTree = "<group>"; };
		453A412C215EE657004512CB /* Assets.xcassets */ = {isa = PBXFileReference; lastKnownFileType = folder.assetcatalog; path = Assets.xcassets; sourceTree = "<group>"; };
		453A412F215EE657004512CB /* Base */ = {isa = PBXFileReference; lastKnownFileType = file.storyboard; name = Base; path = Base.lproj/LaunchScreen.storyboard; sourceTree = "<group>"; };
		453A4131215EE657004512CB /* Info.plist */ = {isa = PBXFileReference; lastKnownFileType = text.plist.xml; path = Info.plist; sourceTree = "<group>"; };
		453A4136215EE657004512CB /* flixerTests.xctest */ = {isa = PBXFileReference; explicitFileType = wrapper.cfbundle; includeInIndex = 0; path = flixerTests.xctest; sourceTree = BUILT_PRODUCTS_DIR; };
		453A413A215EE657004512CB /* flixerTests.swift */ = {isa = PBXFileReference; lastKnownFileType = sourcecode.swift; path = flixerTests.swift; sourceTree = "<group>"; };
		453A413C215EE657004512CB /* Info.plist */ = {isa = PBXFileReference; lastKnownFileType = text.plist.xml; path = Info.plist; sourceTree = "<group>"; };
		453A4141215EE657004512CB /* flixerUITests.xctest */ = {isa = PBXFileReference; explicitFileType = wrapper.cfbundle; includeInIndex = 0; path = flixerUITests.xctest; sourceTree = BUILT_PRODUCTS_DIR; };
		453A4145215EE657004512CB /* flixerUITests.swift */ = {isa = PBXFileReference; lastKnownFileType = sourcecode.swift; path = flixerUITests.swift; sourceTree = "<group>"; };
		453A4147215EE657004512CB /* Info.plist */ = {isa = PBXFileReference; lastKnownFileType = text.plist.xml; path = Info.plist; sourceTree = "<group>"; };
/* End PBXFileReference section */

/* Begin PBXFrameworksBuildPhase section */
		453A411F215EE651004512CB /* Frameworks */ = {
			isa = PBXFrameworksBuildPhase;
			buildActionMask = 2147483647;
			files = (
			);
			runOnlyForDeploymentPostprocessing = 0;
		};
		453A4133215EE657004512CB /* Frameworks */ = {
			isa = PBXFrameworksBuildPhase;
			buildActionMask = 2147483647;
			files = (
			);
			runOnlyForDeploymentPostprocessing = 0;
		};
		453A413E215EE657004512CB /* Frameworks */ = {
			isa = PBXFrameworksBuildPhase;
			buildActionMask = 2147483647;
			files = (
			);
			runOnlyForDeploymentPostprocessing = 0;
		};
/* End PBXFrameworksBuildPhase section */

/* Begin PBXGroup section */
		453A4119215EE651004512CB = {
			isa = PBXGroup;
			children = (
				453A4124215EE651004512CB /* flixer */,
				453A4139215EE657004512CB /* flixerTests */,
				453A4144215EE657004512CB /* flixerUITests */,
				453A4123215EE651004512CB /* Products */,
			);
			sourceTree = "<group>";
		};
		453A4123215EE651004512CB /* Products */ = {
			isa = PBXGroup;
			children = (
				453A4122215EE651004512CB /* flixer.app */,
				453A4136215EE657004512CB /* flixerTests.xctest */,
				453A4141215EE657004512CB /* flixerUITests.xctest */,
			);
			name = Products;
			sourceTree = "<group>";
		};
		453A4124215EE651004512CB /* flixer */ = {
			isa = PBXGroup;
			children = (
				453A4125215EE651004512CB /* AppDelegate.swift */,
				453A4127215EE651004512CB /* ViewController.swift */,
				453A4129215EE651004512CB /* Main.storyboard */,
				453A412C215EE657004512CB /* Assets.xcassets */,
				453A412E215EE657004512CB /* LaunchScreen.storyboard */,
				453A4131215EE657004512CB /* Info.plist */,
			);
			path = flixer;
			sourceTree = "<group>";
		};
		453A4139215EE657004512CB /* flixerTests */ = {
			isa = PBXGroup;
			children = (
				453A413A215EE657004512CB /* flixerTests.swift */,
				453A413C215EE657004512CB /* Info.plist */,
			);
			path = flixerTests;
			sourceTree = "<group>";
		};
		453A4144215EE657004512CB /* flixerUITests */ = {
			isa = PBXGroup;
			children = (
				453A4145215EE657004512CB /* flixerUITests.swift */,
				453A4147215EE657004512CB /* Info.plist */,
			);
			path = flixerUITests;
			sourceTree = "<group>";
		};
/* End PBXGroup section */

/* Begin PBXNativeTarget section */
		453A4121215EE651004512CB /* flixer */ = {
			isa = PBXNativeTarget;
			buildConfigurationList = 453A414A215EE657004512CB /* Build configuration list for PBXNativeTarget "flixer" */;
			buildPhases = (
				453A411E215EE651004512CB /* Sources */,
				453A411F215EE651004512CB /* Frameworks */,
				453A4120215EE651004512CB /* Resources */,
			);
			buildRules = (
			);
			dependencies = (
			);
			name = flixer;
			productName = flixer;
			productReference = 453A4122215EE651004512CB /* flixer.app */;
			productType = "com.apple.product-type.application";
		};
		453A4135215EE657004512CB /* flixerTests */ = {
			isa = PBXNativeTarget;
			buildConfigurationList = 453A414D215EE657004512CB /* Build configuration list for PBXNativeTarget "flixerTests" */;
			buildPhases = (
				453A4132215EE657004512CB /* Sources */,
				453A4133215EE657004512CB /* Frameworks */,
				453A4134215EE657004512CB /* Resources */,
			);
			buildRules = (
			);
			dependencies = (
				453A4138215EE657004512CB /* PBXTargetDependency */,
			);
			name = flixerTests;
			productName = flixerTests;
			productReference = 453A4136215EE657004512CB /* flixerTests.xctest */;
			productType = "com.apple.product-type.bundle.unit-test";
		};
		453A4140215EE657004512CB /* flixerUITests */ = {
			isa = PBXNativeTarget;
			buildConfigurationList = 453A4150215EE657004512CB /* Build configuration list for PBXNativeTarget "flixerUITests" */;
			buildPhases = (
				453A413D215EE657004512CB /* Sources */,
				453A413E215EE657004512CB /* Frameworks */,
				453A413F215EE657004512CB /* Resources */,
			);
			buildRules = (
			);
			dependencies = (
				453A4143215EE657004512CB /* PBXTargetDependency */,
			);
			name = flixerUITests;
			productName = flixerUITests;
			productReference = 453A4141215EE657004512CB /* flixerUITests.xctest */;
			productType = "com.apple.product-type.bundle.ui-testing";
		};
/* End PBXNativeTarget section */

/* Begin PBXProject section */
		453A411A215EE651004512CB /* Project object */ = {
			isa = PBXProject;
			attributes = {
				LastSwiftUpdateCheck = 0940;
				LastUpgradeCheck = 0940;
				ORGANIZATIONNAME = "Bhavesh Shah";
				TargetAttributes = {
					453A4121215EE651004512CB = {
						CreatedOnToolsVersion = 9.4.1;
					};
					453A4135215EE657004512CB = {
						CreatedOnToolsVersion = 9.4.1;
						TestTargetID = 453A4121215EE651004512CB;
					};
					453A4140215EE657004512CB = {
						CreatedOnToolsVersion = 9.4.1;
						TestTargetID = 453A4121215EE651004512CB;
					};
				};
			};
			buildConfigurationList = 453A411D215EE651004512CB /* Build configuration list for PBXProject "flixer" */;
			compatibilityVersion = "Xcode 9.3";
			developmentRegion = en;
			hasScannedForEncodings = 0;
			knownRegions = (
				en,
				Base,
			);
			mainGroup = 453A4119215EE651004512CB;
			productRefGroup = 453A4123215EE651004512CB /* Products */;
			projectDirPath = "";
			projectRoot = "";
			targets = (
				453A4121215EE651004512CB /* flixer */,
				453A4135215EE657004512CB /* flixerTests */,
				453A4140215EE657004512CB /* flixerUITests */,
			);
		};
/* End PBXProject section */

/* Begin PBXResourcesBuildPhase section */
		453A4120215EE651004512CB /* Resources */ = {
			isa = PBXResourcesBuildPhase;
			buildActionMask = 2147483647;
			files = (
				453A4130215EE657004512CB /* LaunchScreen.storyboard in Resources */,
				453A412D215EE657004512CB /* Assets.xcassets in Resources */,
				453A412B215EE651004512CB /* Main.storyboard in Resources */,
			);
			runOnlyForDeploymentPostprocessing = 0;
		};
		453A4134215EE657004512CB /* Resources */ = {
			isa = PBXResourcesBuildPhase;
			buildActionMask = 2147483647;
			files = (
			);
			runOnlyForDeploymentPostprocessing = 0;
		};
		453A413F215EE657004512CB /* Resources */ = {
			isa = PBXResourcesBuildPhase;
			buildActionMask = 2147483647;
			files = (
			);
			runOnlyForDeploymentPostprocessing = 0;
		};
/* End PBXResourcesBuildPhase section */

/* Begin PBXSourcesBuildPhase section */
		453A411E215EE651004512CB /* Sources */ = {
			isa = PBXSourcesBuildPhase;
			buildActionMask = 2147483647;
			files = (
				453A4128215EE651004512CB /* ViewController.swift in Sources */,
				453A4126215EE651004512CB /* AppDelegate.swift in Sources */,
			);
			runOnlyForDeploymentPostprocessing = 0;
		};
		453A4132215EE657004512CB /* Sources */ = {
			isa = PBXSourcesBuildPhase;
			buildActionMask = 2147483647;
			files = (
				453A413B215EE657004512CB /* flixerTests.swift in Sources */,
			);
			runOnlyForDeploymentPostprocessing = 0;
		};
		453A413D215EE657004512CB /* Sources */ = {
			isa = PBXSourcesBuildPhase;
			buildActionMask = 2147483647;
			files = (
				453A4146215EE657004512CB /* flixerUITests.swift in Sources */,
			);
			runOnlyForDeploymentPostprocessing = 0;
		};
/* End PBXSourcesBuildPhase section */

/* Begin PBXTargetDependency section */
		453A4138215EE657004512CB /* PBXTargetDependency */ = {
			isa = PBXTargetDependency;
			target = 453A4121215EE651004512CB /* flixer */;
			targetProxy = 453A4137215EE657004512CB /* PBXContainerItemProxy */;
		};
		453A4143215EE657004512CB /* PBXTargetDependency */ = {
			isa = PBXTargetDependency;
			target = 453A4121215EE651004512CB /* flixer */;
			targetProxy = 453A4142215EE657004512CB /* PBXContainerItemProxy */;
		};
/* End PBXTargetDependency section */

/* Begin PBXVariantGroup section */
		453A4129215EE651004512CB /* Main.storyboard */ = {
			isa = PBXVariantGroup;
			children = (
				453A412A215EE651004512CB /* Base */,
			);
			name = Main.storyboard;
			sourceTree = "<group>";
		};
		453A412E215EE657004512CB /* LaunchScreen.storyboard */ = {
			isa = PBXVariantGroup;
			children = (
				453A412F215EE657004512CB /* Base */,
			);
			name = LaunchScreen.storyboard;
			sourceTree = "<group>";
		};
/* End PBXVariantGroup section */

/* Begin XCBuildConfiguration section */
		453A4148215EE657004512CB /* Debug */ = {
			isa = XCBuildConfiguration;
			buildSettings = {
				ALWAYS_SEARCH_USER_PATHS = NO;
				CLANG_ANALYZER_NONNULL = YES;
				CLANG_ANALYZER_NUMBER_OBJECT_CONVERSION = YES_AGGRESSIVE;
				CLANG_CXX_LANGUAGE_STANDARD = "gnu++14";
				CLANG_CXX_LIBRARY = "libc++";
				CLANG_ENABLE_MODULES = YES;
				CLANG_ENABLE_OBJC_ARC = YES;
				CLANG_ENABLE_OBJC_WEAK = YES;
				CLANG_WARN_BLOCK_CAPTURE_AUTORELEASING = YES;
				CLANG_WARN_BOOL_CONVERSION = YES;
				CLANG_WARN_COMMA = YES;
				CLANG_WARN_CONSTANT_CONVERSION = YES;
				CLANG_WARN_DEPRECATED_OBJC_IMPLEMENTATIONS = YES;
				CLANG_WARN_DIRECT_OBJC_ISA_USAGE = YES_ERROR;
				CLANG_WARN_DOCUMENTATION_COMMENTS = YES;
				CLANG_WARN_EMPTY_BODY = YES;
				CLANG_WARN_ENUM_CONVERSION = YES;
				CLANG_WARN_INFINITE_RECURSION = YES;
				CLANG_WARN_INT_CONVERSION = YES;
				CLANG_WARN_NON_LITERAL_NULL_CONVERSION = YES;
				CLANG_WARN_OBJC_IMPLICIT_RETAIN_SELF = YES;
				CLANG_WARN_OBJC_LITERAL_CONVERSION = YES;
				CLANG_WARN_OBJC_ROOT_CLASS = YES_ERROR;
				CLANG_WARN_RANGE_LOOP_ANALYSIS = YES;
				CLANG_WARN_STRICT_PROTOTYPES = YES;
				CLANG_WARN_SUSPICIOUS_MOVE = YES;
				CLANG_WARN_UNGUARDED_AVAILABILITY = YES_AGGRESSIVE;
				CLANG_WARN_UNREACHABLE_CODE = YES;
				CLANG_WARN__DUPLICATE_METHOD_MATCH = YES;
				CODE_SIGN_IDENTITY = "iPhone Developer";
				COPY_PHASE_STRIP = NO;
				DEBUG_INFORMATION_FORMAT = dwarf;
				ENABLE_STRICT_OBJC_MSGSEND = YES;
				ENABLE_TESTABILITY = YES;
				GCC_C_LANGUAGE_STANDARD = gnu11;
				GCC_DYNAMIC_NO_PIC = NO;
				GCC_NO_COMMON_BLOCKS = YES;
				GCC_OPTIMIZATION_LEVEL = 0;
				GCC_PREPROCESSOR_DEFINITIONS = (
					"DEBUG=1",
					"$(inherited)",
				);
				GCC_WARN_64_TO_32_BIT_CONVERSION = YES;
				GCC_WARN_ABOUT_RETURN_TYPE = YES_ERROR;
				GCC_WARN_UNDECLARED_SELECTOR = YES;
				GCC_WARN_UNINITIALIZED_AUTOS = YES_AGGRESSIVE;
				GCC_WARN_UNUSED_FUNCTION = YES;
				GCC_WARN_UNUSED_VARIABLE = YES;
				IPHONEOS_DEPLOYMENT_TARGET = 11.4;
				MTL_ENABLE_DEBUG_INFO = YES;
				ONLY_ACTIVE_ARCH = YES;
				SDKROOT = iphoneos;
				SWIFT_ACTIVE_COMPILATION_CONDITIONS = DEBUG;
				SWIFT_OPTIMIZATION_LEVEL = "-Onone";
			};
			name = Debug;
		};
		453A4149215EE657004512CB /* Release */ = {
			isa = XCBuildConfiguration;
			buildSettings = {
				ALWAYS_SEARCH_USER_PATHS = NO;
				CLANG_ANALYZER_NONNULL = YES;
				CLANG_ANALYZER_NUMBER_OBJECT_CONVERSION = YES_AGGRESSIVE;
				CLANG_CXX_LANGUAGE_STANDARD = "gnu++14";
				CLANG_CXX_LIBRARY = "libc++";
				CLANG_ENABLE_MODULES = YES;
				CLANG_ENABLE_OBJC_ARC = YES;
				CLANG_ENABLE_OBJC_WEAK = YES;
				CLANG_WARN_BLOCK_CAPTURE_AUTORELEASING = YES;
				CLANG_WARN_BOOL_CONVERSION = YES;
				CLANG_WARN_COMMA = YES;
				CLANG_WARN_CONSTANT_CONVERSION = YES;
				CLANG_WARN_DEPRECATED_OBJC_IMPLEMENTATIONS = YES;
				CLANG_WARN_DIRECT_OBJC_ISA_USAGE = YES_ERROR;
				CLANG_WARN_DOCUMENTATION_COMMENTS = YES;
				CLANG_WARN_EMPTY_BODY = YES;
				CLANG_WARN_ENUM_CONVERSION = YES;
				CLANG_WARN_INFINITE_RECURSION = YES;
				CLANG_WARN_INT_CONVERSION = YES;
				CLANG_WARN_NON_LITERAL_NULL_CONVERSION = YES;
				CLANG_WARN_OBJC_IMPLICIT_RETAIN_SELF = YES;
				CLANG_WARN_OBJC_LITERAL_CONVERSION = YES;
				CLANG_WARN_OBJC_ROOT_CLASS = YES_ERROR;
				CLANG_WARN_RANGE_LOOP_ANALYSIS = YES;
				CLANG_WARN_STRICT_PROTOTYPES = YES;
				CLANG_WARN_SUSPICIOUS_MOVE = YES;
				CLANG_WARN_UNGUARDED_AVAILABILITY = YES_AGGRESSIVE;
				CLANG_WARN_UNREACHABLE_CODE = YES;
				CLANG_WARN__DUPLICATE_METHOD_MATCH = YES;
				CODE_SIGN_IDENTITY = "iPhone Developer";
				COPY_PHASE_STRIP = NO;
				DEBUG_INFORMATION_FORMAT = "dwarf-with-dsym";
				ENABLE_NS_ASSERTIONS = NO;
				ENABLE_STRICT_OBJC_MSGSEND = YES;
				GCC_C_LANGUAGE_STANDARD = gnu11;
				GCC_NO_COMMON_BLOCKS = YES;
				GCC_WARN_64_TO_32_BIT_CONVERSION = YES;
				GCC_WARN_ABOUT_RETURN_TYPE = YES_ERROR;
				GCC_WARN_UNDECLARED_SELECTOR = YES;
				GCC_WARN_UNINITIALIZED_AUTOS = YES_AGGRESSIVE;
				GCC_WARN_UNUSED_FUNCTION = YES;
				GCC_WARN_UNUSED_VARIABLE = YES;
				IPHONEOS_DEPLOYMENT_TARGET = 11.4;
				MTL_ENABLE_DEBUG_INFO = NO;
				SDKROOT = iphoneos;
				SWIFT_COMPILATION_MODE = wholemodule;
				SWIFT_OPTIMIZATION_LEVEL = "-O";
				VALIDATE_PRODUCT = YES;
			};
			name = Release;
		};
		453A414B215EE657004512CB /* Debug */ = {
			isa = XCBuildConfiguration;
			buildSettings = {
				ASSETCATALOG_COMPILER_APPICON_NAME = AppIcon;
				CODE_SIGN_STYLE = Automatic;
				INFOPLIST_FILE = flixer/Info.plist;
				LD_RUNPATH_SEARCH_PATHS = (
					"$(inherited)",
					"@executable_path/Frameworks",
				);
				PRODUCT_BUNDLE_IDENTIFIER = "Bhavesh-Shah.flixer";
				PRODUCT_NAME = "$(TARGET_NAME)";
				SWIFT_VERSION = 4.0;
				TARGETED_DEVICE_FAMILY = "1,2";
			};
			name = Debug;
		};
		453A414C215EE657004512CB /* Release */ = {
			isa = XCBuildConfiguration;
			buildSettings = {
				ASSETCATALOG_COMPILER_APPICON_NAME = AppIcon;
				CODE_SIGN_STYLE = Automatic;
				INFOPLIST_FILE = flixer/Info.plist;
				LD_RUNPATH_SEARCH_PATHS = (
					"$(inherited)",
					"@executable_path/Frameworks",
				);
				PRODUCT_BUNDLE_IDENTIFIER = "Bhavesh-Shah.flixer";
				PRODUCT_NAME = "$(TARGET_NAME)";
				SWIFT_VERSION = 4.0;
				TARGETED_DEVICE_FAMILY = "1,2";
			};
			name = Release;
		};
		453A414E215EE657004512CB /* Debug */ = {
			isa = XCBuildConfiguration;
			buildSettings = {
				ALWAYS_EMBED_SWIFT_STANDARD_LIBRARIES = YES;
				BUNDLE_LOADER = "$(TEST_HOST)";
				CODE_SIGN_STYLE = Automatic;
				INFOPLIST_FILE = flixerTests/Info.plist;
				LD_RUNPATH_SEARCH_PATHS = (
					"$(inherited)",
					"@executable_path/Frameworks",
					"@loader_path/Frameworks",
				);
				PRODUCT_BUNDLE_IDENTIFIER = "Bhavesh-Shah.flixerTests";
				PRODUCT_NAME = "$(TARGET_NAME)";
				SWIFT_VERSION = 4.0;
				TARGETED_DEVICE_FAMILY = "1,2";
				TEST_HOST = "$(BUILT_PRODUCTS_DIR)/flixer.app/flixer";
			};
			name = Debug;
		};
		453A414F215EE657004512CB /* Release */ = {
			isa = XCBuildConfiguration;
			buildSettings = {
				ALWAYS_EMBED_SWIFT_STANDARD_LIBRARIES = YES;
				BUNDLE_LOADER = "$(TEST_HOST)";
				CODE_SIGN_STYLE = Automatic;
				INFOPLIST_FILE = flixerTests/Info.plist;
				LD_RUNPATH_SEARCH_PATHS = (
					"$(inherited)",
					"@executable_path/Frameworks",
					"@loader_path/Frameworks",
				);
				PRODUCT_BUNDLE_IDENTIFIER = "Bhavesh-Shah.flixerTests";
				PRODUCT_NAME = "$(TARGET_NAME)";
				SWIFT_VERSION = 4.0;
				TARGETED_DEVICE_FAMILY = "1,2";
				TEST_HOST = "$(BUILT_PRODUCTS_DIR)/flixer.app/flixer";
			};
			name = Release;
		};
		453A4151215EE657004512CB /* Debug */ = {
			isa = XCBuildConfiguration;
			buildSettings = {
				ALWAYS_EMBED_SWIFT_STANDARD_LIBRARIES = YES;
				CODE_SIGN_STYLE = Automatic;
				INFOPLIST_FILE = flixerUITests/Info.plist;
				LD_RUNPATH_SEARCH_PATHS = (
					"$(inherited)",
					"@executable_path/Frameworks",
					"@loader_path/Frameworks",
				);
				PRODUCT_BUNDLE_IDENTIFIER = "Bhavesh-Shah.flixerUITests";
				PRODUCT_NAME = "$(TARGET_NAME)";
				SWIFT_VERSION = 4.0;
				TARGETED_DEVICE_FAMILY = "1,2";
				TEST_TARGET_NAME = flixer;
			};
			name = Debug;
		};
		453A4152215EE657004512CB /* Release */ = {
			isa = XCBuildConfiguration;
			buildSettings = {
				ALWAYS_EMBED_SWIFT_STANDARD_LIBRARIES = YES;
				CODE_SIGN_STYLE = Automatic;
				INFOPLIST_FILE = flixerUITests/Info.plist;
				LD_RUNPATH_SEARCH_PATHS = (
					"$(inherited)",
					"@executable_path/Frameworks",
					"@loader_path/Frameworks",
				);
				PRODUCT_BUNDLE_IDENTIFIER = "Bhavesh-Shah.flixerUITests";
				PRODUCT_NAME = "$(TARGET_NAME)";
				SWIFT_VERSION = 4.0;
				TARGETED_DEVICE_FAMILY = "1,2";
				TEST_TARGET_NAME = flixer;
			};
			name = Release;
		};
/* End XCBuildConfiguration section */

/* Begin XCConfigurationList section */
		453A411D215EE651004512CB /* Build configuration list for PBXProject "flixer" */ = {
			isa = XCConfigurationList;
			buildConfigurations = (
				453A4148215EE657004512CB /* Debug */,
				453A4149215EE657004512CB /* Release */,
			);
			defaultConfigurationIsVisible = 0;
			defaultConfigurationName = Release;
		};
		453A414A215EE657004512CB /* Build configuration list for PBXNativeTarget "flixer" */ = {
			isa = XCConfigurationList;
			buildConfigurations = (
				453A414B215EE657004512CB /* Debug */,
				453A414C215EE657004512CB /* Release */,
			);
			defaultConfigurationIsVisible = 0;
			defaultConfigurationName = Release;
		};
		453A414D215EE657004512CB /* Build configuration list for PBXNativeTarget "flixerTests" */ = {
			isa = XCConfigurationList;
			buildConfigurations = (
				453A414E215EE657004512CB /* Debug */,
				453A414F215EE657004512CB /* Release */,
			);
			defaultConfigurationIsVisible = 0;
			defaultConfigurationName = Release;
		};
		453A4150215EE657004512CB /* Build configuration list for PBXNativeTarget "flixerUITests" */ = {
			isa = XCConfigurationList;
			buildConfigurations = (
				453A4151215EE657004512CB /* Debug */,
				453A4152215EE657004512CB /* Release */,
			);
			defaultConfigurationIsVisible = 0;
			defaultConfigurationName = Release;
		};
/* End XCConfigurationList section */
	};
	rootObject = 453A411A215EE651004512CB /* Project object */;
}
